{
  "name": "tawny-player-transport",
  "version": "0.1.0",
  "lockfileVersion": 3,
  "requires": true,
  "packages": {
    "": {
      "name": "tawny-player-transport",
      "version": "0.1.0",
      "dependencies": {
        "shaka-player": "4.16.4"
      },
      "devDependencies": {
        "ws": "8.21.0"
      }
    },
    "node_modules/shaka-player": {
      "version": "4.16.4",
      "resolved": "https://registry.npmjs.org/shaka-player/-/shaka-player-4.16.4.tgz",
      "integrity": "sha512-jlsmZzR5sPpUUS+6G9wCZJjv0hqaP52xQSw4w+in9hfw+kOI44X/vx+YcsKNKlYixxFvPd+XBgtZJunjNP3xOg==",
      "engines": {
        "node": ">=18"
      }
    },
    "node_modules/ws": {
      "version": "8.21.0",
      "resolved": "https://registry.npmjs.org/ws/-/ws-8.21.0.tgz",
      "integrity": "sha512-Vsp28b7DRcimFQvrqu2Wek3z1iYxDCWqHYB8Qsnk/S4RfaCQzPGPyBNuVjJV3cd6UiKtUtp6sNM77gWvzcCH+g==",
      "dev": true,
      "engines": {
        "node": ">=10.0.0"
      },
      "peerDependencies": {
        "bufferutil": "^4.0.1",
        "utf-8-validate": ">=5.0.2"
      },
      "peerDependenciesMeta": {
        "bufferutil": {
          "optional": true
        },
        "utf-8-validate": {
          "optional": true
        }
      }
    }
  }
}
